<?xml version="1.0" encoding="utf-8"?>
<Project ToolsVersion="4.0" xmlns="http://schemas.microsoft.com/developer/msbuild/2003">
  <ItemGroup>
    <Filter Include="Source Files">
      <UniqueIdentifier>{4FC737F1-C7A5-4376-A066-2A32D752A2FF}</UniqueIdentifier>
      <Extensions>cpp;c;cc;cxx;def;odl;idl;hpj;bat;asm;asmx</Extensions>
    </Filter>
    <Filter Include="Header Files">
      <UniqueIdentifier>{93995380-89BD-4b04-88EB-625FBE52EBFB}</UniqueIdentifier>
      <Extensions>h;hh;hpp;hxx;hm;inl;inc;xsd</Extensions>
    </Filter>
    <Filter Include="Resource Files">
      <UniqueIdentifier>{67DA6AB6-F800-4c08-8B7A-83BB121AAD01}</UniqueIdentifier>
      <Extensions>rc;ico;cur;bmp;dlg;rc2;rct;bin;rgs;gif;jpg;jpeg;jpe;resx;tiff;tif;png;wav;mfcribbon-ms</Extensions>
    </Filter>
    <Filter Include="ESP CORE">
      <UniqueIdentifier>{4d4e328c-01d2-42de-ba16-f15c886d1141}</UniqueIdentifier>
    </Filter>
    <Filter Include="ESP API">
      <UniqueIdentifier>{94ead1d5-2b52-462a-b26c-3db27c3537ef}</UniqueIdentifier>
    </Filter>
    <Filter Include="ESP LL">
      <UniqueIdentifier>{9a9a144b-a02a-4bb3-a8f4-c55e360bf70f}</UniqueIdentifier>
    </Filter>
    <Filter Include="ESP SNIPPETS">
      <UniqueIdentifier>{792653fc-9de7-4fc4-85f2-faec1d2684c9}</UniqueIdentifier>
    </Filter>
    <Filter Include="ESP APP MQTT CLIENT">
      <UniqueIdentifier>{da1bce0b-2c58-4d5b-bf1f-3e3bcfd8fa85}</UniqueIdentifier>
    </Filter>
  </ItemGroup>
  <ItemGroup>
    <Text Include="ReadMe.txt" />
  </ItemGroup>
  <ItemGroup>
    <ClInclude Include="stdafx.h">
      <Filter>Header Files</Filter>
    </ClInclude>
    <ClInclude Include="targetver.h">
      <Filter>Header Files</Filter>
    </ClInclude>
    <ClInclude Include="esp_config.h">
      <Filter>Header Files</Filter>
    </ClInclude>
  </ItemGroup>
  <ItemGroup>
    <ClCompile Include="stdafx.cpp">
      <Filter>Source Files</Filter>
    </ClCompile>
    <ClCompile Include="main.c">
      <Filter>Source Files</Filter>
    </ClCompile>
    <ClCompile Include="..\..\..\src\esp\esp.c">
      <Filter>ESP CORE</Filter>
    </ClCompile>
    <ClCompile Include="..\..\..\src\esp\esp_ap.c">
      <Filter>ESP CORE</Filter>
    </ClCompile>
    <ClCompile Include="..\..\..\src\esp\esp_buff.c">
      <Filter>ESP CORE</Filter>
    </ClCompile>
    <ClCompile Include="..\..\..\src\esp\esp_conn.c">
      <Filter>ESP CORE</Filter>
    </ClCompile>
    <ClCompile Include="..\..\..\src\esp\esp_debug.c">
      <Filter>ESP CORE</Filter>
    </ClCompile>
    <ClCompile Include="..\..\..\src\esp\esp_hostname.c">
      <Filter>ESP CORE</Filter>
    </ClCompile>
    <ClCompile Include="..\..\..\src\esp\esp_input.c">
      <Filter>ESP CORE</Filter>
    </ClCompile>
    <ClCompile Include="..\..\..\src\esp\esp_int.c">
      <Filter>ESP CORE</Filter>
    </ClCompile>
    <ClCompile Include="..\..\..\src\esp\esp_mem.c">
      <Filter>ESP CORE</Filter>
    </ClCompile>
    <ClCompile Include="..\..\..\src\esp\esp_parser.c">
      <Filter>ESP CORE</Filter>
    </ClCompile>
    <ClCompile Include="..\..\..\src\esp\esp_pbuf.c">
      <Filter>ESP CORE</Filter>
    </ClCompile>
    <ClCompile Include="..\..\..\src\esp\esp_ping.c">
      <Filter>ESP CORE</Filter>
    </ClCompile>
    <ClCompile Include="..\..\..\src\esp\esp_sntp.c">
      <Filter>ESP CORE</Filter>
    </ClCompile>
    <ClCompile Include="..\..\..\src\esp\esp_sta.c">
      <Filter>ESP CORE</Filter>
    </ClCompile>
    <ClCompile Include="..\..\..\src\esp\esp_threads.c">
      <Filter>ESP CORE</Filter>
    </ClCompile>
    <ClCompile Include="..\..\..\src\esp\esp_timeout.c">
      <Filter>ESP CORE</Filter>
    </ClCompile>
    <ClCompile Include="..\..\..\src\esp\esp_unicode.c">
      <Filter>ESP CORE</Filter>
    </ClCompile>
    <ClCompile Include="..\..\..\src\esp\esp_wps.c">
      <Filter>ESP CORE</Filter>
    </ClCompile>
    <ClCompile Include="..\..\..\src\system\esp_ll_win32.c">
      <Filter>ESP LL</Filter>
    </ClCompile>
    <ClCompile Include="..\..\..\src\system\esp_sys_win32.c">
      <Filter>ESP LL</Filter>
    </ClCompile>
    <ClCompile Include="..\..\..\src\api\esp_netconn.c">
      <Filter>ESP API</Filter>
    </ClCompile>
    <ClCompile Include="..\..\..\snippets\station_manager.c">
      <Filter>ESP SNIPPETS</Filter>
    </ClCompile>
    <ClCompile Include="..\..\..\snippets\mqtt_client.c">
      <Filter>ESP SNIPPETS</Filter>
    </ClCompile>
    <ClCompile Include="..\..\..\src\apps\mqtt\esp_mqtt_client.c">
      <Filter>ESP APP MQTT CLIENT</Filter>
    </ClCompile>
    <ClCompile Include="..\..\..\src\esp\esp_evt.c">
      <Filter>ESP CORE</Filter>
    </ClCompile>
  </ItemGroup>
</Project>