<?xml version="1.0" encoding="utf-8"?>
<Project ToolsVersion="4.0" xmlns="http://schemas.microsoft.com/developer/msbuild/2003">
  <ItemGroup>
    <Filter Include="Source Files">
      <UniqueIdentifier>{4FC737F1-C7A5-4376-A066-2A32D752A2FF}</UniqueIdentifier>
      <Extensions>cpp;c;cc;cxx;def;odl;idl;hpj;bat;asm;asmx</Extensions>
    </Filter>
    <Filter Include="Header Files">
      <UniqueIdentifier>{93995380-89BD-4b04-88EB-625FBE52EBFB}</UniqueIdentifier>
      <Extensions>h;hh;hpp;hxx;hm;inl;inc;xsd</Extensions>
    </Filter>
    <Filter Include="Resource Files">
      <UniqueIdentifier>{67DA6AB6-F800-4c08-8B7A-83BB121AAD01}</UniqueIdentifier>
      <Extensions>rc;ico;cur;bmp;dlg;rc2;rct;bin;rgs;gif;jpg;jpeg;jpe;resx;tiff;tif;png;wav;mfcribbon-ms</Extensions>
    </Filter>
    <Filter Include="Source Files\ESP CORE">
      <UniqueIdentifier>{2ccedd44-52f3-42de-a09f-0efbb182a9bb}</UniqueIdentifier>
    </Filter>
    <Filter Include="Source Files\ESP API">
      <UniqueIdentifier>{ed3e52b6-f791-4856-bea8-c539749fbd7b}</UniqueIdentifier>
    </Filter>
    <Filter Include="Source Files\ESP APPS MQTT">
      <UniqueIdentifier>{f41c49ad-9944-4714-a950-d7747d143061}</UniqueIdentifier>
    </Filter>
    <Filter Include="Source Files\ESP APPS HTTP SERVER">
      <UniqueIdentifier>{95f13059-d7bd-41eb-92a5-fc358f95592d}</UniqueIdentifier>
    </Filter>
    <Filter Include="Source Files\ESP LL">
      <UniqueIdentifier>{a7a2f464-2a72-438b-95c3-287e652c47f0}</UniqueIdentifier>
    </Filter>
    <Filter Include="Source Files\ESP SNIPPETS">
      <UniqueIdentifier>{f53eba69-7eb3-428c-9053-e398ae95bf8e}</UniqueIdentifier>
    </Filter>
  </ItemGroup>
  <ItemGroup>
    <Text Include="ReadMe.txt" />
  </ItemGroup>
  <ItemGroup>
    <ClInclude Include="stdafx.h">
      <Filter>Header Files</Filter>
    </ClInclude>
    <ClInclude Include="targetver.h">
      <Filter>Header Files</Filter>
    </ClInclude>
  </ItemGroup>
  <ItemGroup>
    <ClCompile Include="stdafx.cpp">
      <Filter>Source Files</Filter>
    </ClCompile>
    <ClCompile Include="esp_dev_os.cpp">
      <Filter>Source Files</Filter>
    </ClCompile>
    <ClCompile Include="..\..\..\src\esp\esp.c">
      <Filter>Source Files\ESP CORE</Filter>
    </ClCompile>
    <ClCompile Include="..\..\..\src\esp\esp_ap.c">
      <Filter>Source Files\ESP CORE</Filter>
    </ClCompile>
    <ClCompile Include="..\..\..\src\esp\esp_buff.c">
      <Filter>Source Files\ESP CORE</Filter>
    </ClCompile>
    <ClCompile Include="..\..\..\src\esp\esp_conn.c">
      <Filter>Source Files\ESP CORE</Filter>
    </ClCompile>
    <ClCompile Include="..\..\..\src\esp\esp_debug.c">
      <Filter>Source Files\ESP CORE</Filter>
    </ClCompile>
    <ClCompile Include="..\..\..\src\esp\esp_hostname.c">
      <Filter>Source Files\ESP CORE</Filter>
    </ClCompile>
    <ClCompile Include="..\..\..\src\esp\esp_input.c">
      <Filter>Source Files\ESP CORE</Filter>
    </ClCompile>
    <ClCompile Include="..\..\..\src\esp\esp_int.c">
      <Filter>Source Files\ESP CORE</Filter>
    </ClCompile>
    <ClCompile Include="..\..\..\src\esp\esp_mem.c">
      <Filter>Source Files\ESP CORE</Filter>
    </ClCompile>
    <ClCompile Include="..\..\..\src\esp\esp_parser.c">
      <Filter>Source Files\ESP CORE</Filter>
    </ClCompile>
    <ClCompile Include="..\..\..\src\esp\esp_pbuf.c">
      <Filter>Source Files\ESP CORE</Filter>
    </ClCompile>
    <ClCompile Include="..\..\..\src\esp\esp_ping.c">
      <Filter>Source Files\ESP CORE</Filter>
    </ClCompile>
    <ClCompile Include="..\..\..\src\esp\esp_sntp.c">
      <Filter>Source Files\ESP CORE</Filter>
    </ClCompile>
    <ClCompile Include="..\..\..\src\esp\esp_sta.c">
      <Filter>Source Files\ESP CORE</Filter>
    </ClCompile>
    <ClCompile Include="..\..\..\src\esp\esp_threads.c">
      <Filter>Source Files\ESP CORE</Filter>
    </ClCompile>
    <ClCompile Include="..\..\..\src\esp\esp_timeout.c">
      <Filter>Source Files\ESP CORE</Filter>
    </ClCompile>
    <ClCompile Include="..\..\..\src\esp\esp_unicode.c">
      <Filter>Source Files\ESP CORE</Filter>
    </ClCompile>
    <ClCompile Include="..\..\..\src\api\esp_netconn.c">
      <Filter>Source Files\ESP API</Filter>
    </ClCompile>
    <ClCompile Include="..\..\..\src\system\esp_sys_win32.c">
      <Filter>Source Files\ESP LL</Filter>
    </ClCompile>
    <ClCompile Include="..\..\..\src\apps\mqtt\esp_mqtt_client.c">
      <Filter>Source Files\ESP APPS MQTT</Filter>
    </ClCompile>
    <ClCompile Include="..\..\..\src\apps\http_server\esp_http_server.c">
      <Filter>Source Files\ESP APPS HTTP SERVER</Filter>
    </ClCompile>
    <ClCompile Include="..\..\..\src\apps\http_server\esp_http_server_fs.c">
      <Filter>Source Files\ESP APPS HTTP SERVER</Filter>
    </ClCompile>
    <ClCompile Include="..\..\..\src\system\esp_ll_win32.c">
      <Filter>Source Files\ESP LL</Filter>
    </ClCompile>
    <ClCompile Include="..\..\..\src\apps\http_server\esp_http_server_fs_win32.c">
      <Filter>Source Files\ESP APPS HTTP SERVER</Filter>
    </ClCompile>
    <ClCompile Include="..\..\..\src\esp\esp_wps.c">
      <Filter>Source Files\ESP CORE</Filter>
    </ClCompile>
    <ClCompile Include="..\..\..\snippets\http_server.c">
      <Filter>Source Files\ESP SNIPPETS</Filter>
    </ClCompile>
    <ClCompile Include="..\..\..\snippets\mqtt.c">
      <Filter>Source Files\ESP SNIPPETS</Filter>
    </ClCompile>
    <ClCompile Include="..\..\..\snippets\netconn_client.c">
      <Filter>Source Files\ESP SNIPPETS</Filter>
    </ClCompile>
    <ClCompile Include="..\..\..\snippets\netconn_server.c">
      <Filter>Source Files\ESP SNIPPETS</Filter>
    </ClCompile>
    <ClCompile Include="..\..\..\snippets\station_manager.c">
      <Filter>Source Files\ESP SNIPPETS</Filter>
    </ClCompile>
  </ItemGroup>
</Project>